
Microsoft Visual Studio Solution File, Format Version 12.00
# Visual Studio Version 16
VisualStudioVersion = 16.0.33214.272
MinimumVisualStudioVersion = 10.0.40219.1
Project("{F184B08F-C81C-45F6-A57F-5ABD9991F28F}") = "ProjectTest", "ProjectTest\ProjectTest.vbproj", "{266809E0-0EFC-4CE2-BBA5-6C0870DF53EA}"
EndProject
Global
	GlobalSection(SolutionConfigurationPlatforms) = preSolution
		Debug|Any CPU = Debug|Any CPU
		Release|Any CPU = Release|Any CPU
	EndGlobalSection
	GlobalSection(ProjectConfigurationPlatforms) = postSolution
		{266809E0-0EFC-4CE2-BBA5-6C0870DF53EA}.Debug|Any CPU.ActiveCfg = Debug|Any CPU
		{266809E0-0EFC-4CE2-BBA5-6C0870DF53EA}.Debug|Any CPU.Build.0 = Debug|Any CPU
		{266809E0-0EFC-4CE2-BBA5-6C0870DF53EA}.Release|Any CPU.ActiveCfg = Release|Any CPU
		{266809E0-0EFC-4CE2-BBA5-6C0870DF53EA}.Release|Any CPU.Build.0 = Release|Any CPU
	EndGlobalSection
	GlobalSection(SolutionProperties) = preSolution
		HideSolutionNode = FALSE
	EndGlobalSection
	GlobalSection(ExtensibilityGlobals) = postSolution
		SolutionGuid = {4E21BF8F-0BA6-4FF9-9888-205DC6A1F96A}
	EndGlobalSection
EndGlobal
